{
    "_readme": [
        "This file locks the dependencies of your project to a known state",
        "Read more about it at https://getcomposer.org/doc/01-basic-usage.md#installing-dependencies",
        "This file is @generated automatically"
    ],
    "content-hash": "e232801963fc2571ba6a78228e1d7e61",
    "packages": [
        {
            "name": "bea/autoload",
            "version": "1.0.0",
            "source": {
                "type": "git",
                "url": "https://github.com/BeAPI/bea-autoload.git",
                "reference": "ab45ec7530e5d1f462cae7cedd54652dbbd9b403"
            },
            "dist": {
                "type": "zip",
                "url": "https://api.github.com/repos/BeAPI/bea-autoload/zipball/ab45ec7530e5d1f462cae7cedd54652dbbd9b403",
                "reference": "ab45ec7530e5d1f462cae7cedd54652dbbd9b403",
                "shasum": ""
            },
            "require": {
                "composer/installers": "~1.0"
            },
            "type": "wordpress-muplugin",
            "license": [
                "GPL-2.0"
            ],
            "authors": [
                {
                    "name": "BeAPI",
                    "email": "technique@beapi.fr"
                }
            ],
            "description": "Autoload class for plugins",
            "support": {
                "source": "https://github.com/BeAPI/bea-autoload/tree/1.0.0",
                "issues": "https://github.com/BeAPI/bea-autoload/issues"
            },
            "time": "2017-05-04T10:16:32+00:00"
        },
        {
            "name": "bea/disable-xmlrpc",
            "version": "1.0.0",
            "source": {
                "type": "git",
                "url": "https://github.com/BeAPI/bea-disable-xmlrpc.git",
                "reference": "64facd1c63667ba74754f05263907dbc424b1bc3"
            },
            "dist": {
                "type": "zip",
                "url": "https://api.github.com/repos/BeAPI/bea-disable-xmlrpc/zipball/64facd1c63667ba74754f05263907dbc424b1bc3",
                "reference": "64facd1c63667ba74754f05263907dbc424b1bc3",
                "shasum": ""
            },
            "require": {
                "composer/installers": "~1.0"
            },
            "type": "wordpress-muplugin",
            "license": [
                "GPL-2.0"
            ],
            "authors": [
                {
                    "name": "Be API",
                    "email": "technical@beapi.fr"
                }
            ],
            "description": "Remove XMLRPC from header, remove feature from WP",
            "support": {
                "source": "https://github.com/BeAPI/bea-disable-xmlrpc/tree/1.0.0",
                "issues": "https://github.com/BeAPI/bea-disable-xmlrpc/issues"
            },
            "time": "2017-03-29T10:20:35+00:00"
        },
        {
            "name": "bea/sanitize-filename",
            "version": "2.0.6",
            "source": {
                "type": "git",
                "url": "https://github.com/BeAPI/bea-sanitize-filename.git",
                "reference": "a15bae64ca72360c01d77b5b0f6b9d7b7c278121"
            },
            "dist": {
                "type": "zip",
                "url": "https://api.github.com/repos/BeAPI/bea-sanitize-filename/zipball/a15bae64ca72360c01d77b5b0f6b9d7b7c278121",
                "reference": "a15bae64ca72360c01d77b5b0f6b9d7b7c278121",
                "shasum": ""
            },
            "type": "wordpress-muplugin",
            "license": [
                "GPL-3.0+"
            ],
            "authors": [
                {
                    "name": "Be API",
                    "email": "technique@beapi.fr",
                    "homepage": "https://beapi.fr/"
                }
            ],
            "description": "Remove all punctuation and accents from the filename of uploaded files.",
            "homepage": "https://github.com/BeAPI/bea-sanitize-filename",
            "keywords": [
                "media",
                "sanitize",
                "uploads",
                "wordpress",
                "wordpress-mu-plugin",
                "wordpress-plugin"
            ],
            "support": {
                "source": "https://github.com/BeAPI/bea-sanitize-filename/tree/2.0.6",
                "issues": "https://github.com/BeAPI/bea-sanitize-filename/issues"
            },
            "time": "2018-10-05T16:10:16+00:00"
        },
        {
            "name": "beapi/wp-mu-loader",
            "version": "v1.0.3",
            "source": {
                "type": "git",
                "url": "https://github.com/BeAPI/wp-mu-loader.git",
                "reference": "d5d09d2c78ec58d409861ebf5230b61ed3a9e6af"
            },
            "dist": {
                "type": "zip",
                "url": "https://api.github.com/repos/BeAPI/wp-mu-loader/zipball/d5d09d2c78ec58d409861ebf5230b61ed3a9e6af",
                "reference": "d5d09d2c78ec58d409861ebf5230b61ed3a9e6af",
                "shasum": ""
            },
            "require": {
                "composer/installers": "~1.0"
            },
            "suggest": {
                "wemakecustom/wp-mu-composer": "Composer includer"
            },
            "type": "wordpress-muplugin",
            "extra": {
                "installer-name": "mu-loader"
            },
            "license": [
                "GPL-2.0"
            ],
            "authors": [
                {
                    "name": "WeMakeCustom",
                    "email": "info@wemakecustom.com",
                    "homepage": "http://www.wemakecustom.com"
                },
                {
                    "name": "BeAPI",
                    "email": "humans@beapi.fr",
                    "homepage": "http://www.beapi.fr"
                }
            ],
            "description": "Enables the loading of Wordpress plugins sitting in mu-plugins (as folders)",
            "keywords": [
                "plugins",
                "wordpress"
            ],
            "support": {
                "source": "https://github.com/BeAPI/wp-mu-loader/tree/v1.0.3"
            },
            "time": "2016-08-26T16:02:21+00:00"
        },
        {
            "name": "composer/installers",
            "version": "v1.9.0",
            "source": {
                "type": "git",
                "url": "https://github.com/composer/installers.git",
                "reference": "b93bcf0fa1fccb0b7d176b0967d969691cd74cca"
            },
            "dist": {
                "type": "zip",
                "url": "https://api.github.com/repos/composer/installers/zipball/b93bcf0fa1fccb0b7d176b0967d969691cd74cca",
                "reference": "b93bcf0fa1fccb0b7d176b0967d969691cd74cca",
                "shasum": ""
            },
            "require": {
                "composer-plugin-api": "^1.0 || ^2.0"
            },
            "replace": {
                "roundcube/plugin-installer": "*",
                "shama/baton": "*"
            },
            "require-dev": {
                "composer/composer": "1.6.* || 2.0.*@dev",
                "composer/semver": "1.0.* || 2.0.*@dev",
                "phpunit/phpunit": "^4.8.36",
                "sebastian/comparator": "^1.2.4",
                "symfony/process": "^2.3"
            },
            "type": "composer-plugin",
            "extra": {
                "class": "Composer\\Installers\\Plugin",
                "branch-alias": {
                    "dev-master": "1.0-dev"
                }
            },
            "autoload": {
                "psr-4": {
                    "Composer\\Installers\\": "src/Composer/Installers"
                }
            },
            "notification-url": "https://packagist.org/downloads/",
            "license": [
                "MIT"
            ],
            "authors": [
                {
                    "name": "Kyle Robinson Young",
                    "email": "kyle@dontkry.com",
                    "homepage": "https://github.com/shama"
                }
            ],
            "description": "A multi-framework Composer library installer",
            "homepage": "https://composer.github.io/installers/",
            "keywords": [
                "Craft",
                "Dolibarr",
                "Eliasis",
                "Hurad",
                "ImageCMS",
                "Kanboard",
                "Lan Management System",
                "MODX Evo",
                "MantisBT",
                "Mautic",
                "Maya",
                "OXID",
                "Plentymarkets",
                "Porto",
                "RadPHP",
                "SMF",
                "Thelia",
                "Whmcs",
                "WolfCMS",
                "agl",
                "aimeos",
                "annotatecms",
                "attogram",
                "bitrix",
                "cakephp",
                "chef",
                "cockpit",
                "codeigniter",
                "concrete5",
                "croogo",
                "dokuwiki",
                "drupal",
                "eZ Platform",
                "elgg",
                "expressionengine",
                "fuelphp",
                "grav",
                "installer",
                "itop",
                "joomla",
                "known",
                "kohana",
                "laravel",
                "lavalite",
                "lithium",
                "magento",
                "majima",
                "mako",
                "mediawiki",
                "modulework",
                "modx",
                "moodle",
                "osclass",
                "phpbb",
                "piwik",
                "ppi",
                "puppet",
                "pxcms",
                "reindex",
                "roundcube",
                "shopware",
                "silverstripe",
                "sydes",
                "sylius",
                "symfony",
                "typo3",
                "wordpress",
                "yawik",
                "zend",
                "zikula"
            ],
            "funding": [
                {
                    "url": "https://packagist.com",
                    "type": "custom"
                },
                {
                    "url": "https://tidelift.com/funding/github/packagist/composer/composer",
                    "type": "tidelift"
                }
            ],
            "time": "2020-04-07T06:57:05+00:00"
        },
        {
            "name": "roots/wordpress",
            "version": "5.4.1",
            "source": {
                "type": "git",
                "url": "https://github.com/WordPress/WordPress.git",
                "reference": "5.4.1"
            },
            "dist": {
                "type": "zip",
                "url": "https://api.github.com/repos/WordPress/WordPress/zipball/5.4.1",
                "reference": "5.4.1"
            },
            "require": {
                "php": ">=5.3.2",
                "roots/wordpress-core-installer": ">=1.0.0"
            },
            "type": "wordpress-core",
            "notification-url": "https://packagist.org/downloads/",
            "license": [
                "GPL-2.0-or-later"
            ],
            "authors": [
                {
                    "name": "WordPress Community",
                    "homepage": "https://wordpress.org/about/"
                }
            ],
            "description": "WordPress is web software you can use to create a beautiful website or blog.",
            "homepage": "https://wordpress.org/",
            "keywords": [
                "blog",
                "cms",
                "wordpress"
            ],
            "funding": [
                {
                    "url": "https://www.patreon.com/rootsdev",
                    "type": "patreon"
                }
            ],
            "time": "2020-04-29T18:50:02+00:00"
        },
        {
            "name": "roots/wordpress-core-installer",
            "version": "1.1.0",
            "source": {
                "type": "git",
                "url": "https://github.com/roots/wordpress-core-installer.git",
                "reference": "83744b1ba5bbdb5bb225f47e24da61a6cf6c5b80"
            },
            "dist": {
                "type": "zip",
                "url": "https://api.github.com/repos/roots/wordpress-core-installer/zipball/83744b1ba5bbdb5bb225f47e24da61a6cf6c5b80",
                "reference": "83744b1ba5bbdb5bb225f47e24da61a6cf6c5b80",
                "shasum": ""
            },
            "require": {
                "composer-plugin-api": "^1.0"
            },
            "conflict": {
                "composer/installers": "<1.0.6"
            },
            "replace": {
                "johnpbloch/wordpress-core-installer": "*"
            },
            "require-dev": {
                "composer/composer": "^1.0",
                "phpunit/phpunit": ">=4.8.35"
            },
            "type": "composer-plugin",
            "extra": {
                "class": "Roots\\Composer\\WordPressCorePlugin"
            },
            "autoload": {
                "psr-4": {
                    "Roots\\Composer\\": "src/"
                }
            },
            "notification-url": "https://packagist.org/downloads/",
            "license": [
                "GPL-2.0-or-later"
            ],
            "authors": [
                {
                    "name": "John P. Bloch",
                    "email": "me@johnpbloch.com"
                },
                {
                    "name": "Roots",
                    "email": "team@roots.io"
                }
            ],
            "description": "A custom installer to handle deploying WordPress with composer",
            "keywords": [
                "wordpress"
            ],
            "time": "2018-12-10T00:22:15+00:00"
        },
        {
            "name": "roots/wp-password-bcrypt",
            "version": "1.0.0",
            "source": {
                "type": "git",
                "url": "https://github.com/roots/wp-password-bcrypt.git",
                "reference": "5cecd2e98ccc3193443cc5c5db9b3bc7abed5ffa"
            },
            "dist": {
                "type": "zip",
                "url": "https://api.github.com/repos/roots/wp-password-bcrypt/zipball/5cecd2e98ccc3193443cc5c5db9b3bc7abed5ffa",
                "reference": "5cecd2e98ccc3193443cc5c5db9b3bc7abed5ffa",
                "shasum": ""
            },
            "require": {
                "composer/installers": "~1.0",
                "php": ">=5.5.0"
            },
            "require-dev": {
                "brain/monkey": "^1.3.1",
                "mockery/mockery": "^0.9.4",
                "phpunit/phpunit": "^4.8.23|^5.2.9",
                "squizlabs/php_codesniffer": "^2.5.1"
            },
            "type": "library",
            "autoload": {
                "files": [
                    "wp-password-bcrypt.php"
                ]
            },
            "notification-url": "https://packagist.org/downloads/",
            "license": [
                "MIT"
            ],
            "authors": [
                {
                    "name": "Scott Walkinshaw",
                    "email": "scott.walkinshaw@gmail.com",
                    "homepage": "https://github.com/swalkinshaw"
                },
                {
                    "name": "qwp6t",
                    "homepage": "https://github.com/qwp6t"
                },
                {
                    "name": "Jan Pingel",
                    "email": "jpingel@bitpiston.com",
                    "homepage": "http://janpingel.com"
                }
            ],
            "description": "WordPress plugin which replaces wp_hash_password and wp_check_password's phpass hasher with PHP 5.5's password_hash and password_verify using bcrypt.",
            "homepage": "https://roots.io/plugins/wp-password-bcrypt",
            "keywords": [
                "wordpress wp bcrypt password"
            ],
            "time": "2016-03-01T16:27:06+00:00"
        }
    ],
    "packages-dev": [
        {
            "name": "beapi/composer-scaffold-theme",
            "version": "dev-master",
            "source": {
                "type": "git",
                "url": "https://github.com/BeAPI/composer-scaffold-theme.git",
                "reference": "fcf2fd09bea277d8a484677460c1819111cc8efb"
            },
            "dist": {
                "type": "zip",
                "url": "https://api.github.com/repos/BeAPI/composer-scaffold-theme/zipball/fcf2fd09bea277d8a484677460c1819111cc8efb",
                "reference": "fcf2fd09bea277d8a484677460c1819111cc8efb",
                "shasum": ""
            },
            "require": {
                "composer-plugin-api": "^1.1",
                "composer/installers": "^1.5",
                "php": ">=5.6"
            },
            "require-dev": {
                "composer/composer": "^1.6"
            },
            "type": "composer-plugin",
            "extra": {
                "class": "BEA\\Composer\\ScaffoldTheme\\ScaffoldTheme"
            },
            "autoload": {
                "psr-4": {
                    "BEA\\Composer\\ScaffoldTheme\\": "src"
                }
            },
            "license": [
                "MIT"
            ],
            "authors": [
                {
                    "name": "BeAPI",
                    "email": "technical@beapi.fr"
                }
            ],
            "support": {
                "source": "https://github.com/BeAPI/composer-scaffold-theme/tree/1.2.1",
                "issues": "https://github.com/BeAPI/composer-scaffold-theme/issues"
            },
            "time": "2020-05-20T16:32:46+00:00"
        },
        {
            "name": "mustache/mustache",
            "version": "v2.13.0",
            "source": {
                "type": "git",
                "url": "https://github.com/bobthecow/mustache.php.git",
                "reference": "e95c5a008c23d3151d59ea72484d4f72049ab7f4"
            },
            "dist": {
                "type": "zip",
                "url": "https://api.github.com/repos/bobthecow/mustache.php/zipball/e95c5a008c23d3151d59ea72484d4f72049ab7f4",
                "reference": "e95c5a008c23d3151d59ea72484d4f72049ab7f4",
                "shasum": ""
            },
            "require": {
                "php": ">=5.2.4"
            },
            "require-dev": {
                "friendsofphp/php-cs-fixer": "~1.11",
                "phpunit/phpunit": "~3.7|~4.0|~5.0"
            },
            "type": "library",
            "autoload": {
                "psr-0": {
                    "Mustache": "src/"
                }
            },
            "notification-url": "https://packagist.org/downloads/",
            "license": [
                "MIT"
            ],
            "authors": [
                {
                    "name": "Justin Hileman",
                    "email": "justin@justinhileman.info",
                    "homepage": "http://justinhileman.com"
                }
            ],
            "description": "A Mustache implementation in PHP.",
            "homepage": "https://github.com/bobthecow/mustache.php",
            "keywords": [
                "mustache",
                "templating"
            ],
            "time": "2019-11-23T21:40:31+00:00"
        },
        {
            "name": "pimple/pimple",
            "version": "v3.3.0",
            "source": {
                "type": "git",
                "url": "https://github.com/silexphp/Pimple.git",
                "reference": "e55d12f9d6a0e7f9c85992b73df1267f46279930"
            },
            "dist": {
                "type": "zip",
                "url": "https://api.github.com/repos/silexphp/Pimple/zipball/e55d12f9d6a0e7f9c85992b73df1267f46279930",
                "reference": "e55d12f9d6a0e7f9c85992b73df1267f46279930",
                "shasum": ""
            },
            "require": {
                "php": "^7.2.5",
                "psr/container": "^1.0"
            },
            "require-dev": {
                "symfony/phpunit-bridge": "^3.4|^4.4|^5.0"
            },
            "type": "library",
            "extra": {
                "branch-alias": {
                    "dev-master": "3.3.x-dev"
                }
            },
            "autoload": {
                "psr-0": {
                    "Pimple": "src/"
                }
            },
            "notification-url": "https://packagist.org/downloads/",
            "license": [
                "MIT"
            ],
            "authors": [
                {
                    "name": "Fabien Potencier",
                    "email": "fabien@symfony.com"
                }
            ],
            "description": "Pimple, a simple Dependency Injection Container",
            "homepage": "https://pimple.symfony.com",
            "keywords": [
                "container",
                "dependency injection"
            ],
            "time": "2020-03-03T09:12:48+00:00"
        },
        {
            "name": "psr/container",
            "version": "1.0.0",
            "source": {
                "type": "git",
                "url": "https://github.com/php-fig/container.git",
                "reference": "b7ce3b176482dbbc1245ebf52b181af44c2cf55f"
            },
            "dist": {
                "type": "zip",
                "url": "https://api.github.com/repos/php-fig/container/zipball/b7ce3b176482dbbc1245ebf52b181af44c2cf55f",
                "reference": "b7ce3b176482dbbc1245ebf52b181af44c2cf55f",
                "shasum": ""
            },
            "require": {
                "php": ">=5.3.0"
            },
            "type": "library",
            "extra": {
                "branch-alias": {
                    "dev-master": "1.0.x-dev"
                }
            },
            "autoload": {
                "psr-4": {
                    "Psr\\Container\\": "src/"
                }
            },
            "notification-url": "https://packagist.org/downloads/",
            "license": [
                "MIT"
            ],
            "authors": [
                {
                    "name": "PHP-FIG",
                    "homepage": "http://www.php-fig.org/"
                }
            ],
            "description": "Common Container Interface (PHP FIG PSR-11)",
            "homepage": "https://github.com/php-fig/container",
            "keywords": [
                "PSR-11",
                "container",
                "container-interface",
                "container-interop",
                "psr"
            ],
            "time": "2017-02-14T16:28:37+00:00"
        },
        {
            "name": "rarst/laps",
            "version": "3.3.3",
            "source": {
                "type": "git",
                "url": "https://github.com/Rarst/laps.git",
                "reference": "ccf3ff37384b92fc4ef240863bf4ec58f4fb0744"
            },
            "dist": {
                "type": "zip",
                "url": "https://api.github.com/repos/Rarst/laps/zipball/ccf3ff37384b92fc4ef240863bf4ec58f4fb0744",
                "reference": "ccf3ff37384b92fc4ef240863bf4ec58f4fb0744",
                "shasum": ""
            },
            "require": {
                "composer/installers": "^1.6",
                "mustache/mustache": "^2.12",
                "php": "^7.1.3",
                "pimple/pimple": "^3.2.3",
                "symfony/stopwatch": "^4.2.1"
            },
            "require-dev": {
                "brain/monkey": "^2.2",
                "pds/skeleton": "^1.0",
                "twbs/bootstrap": "^3.4"
            },
            "type": "wordpress-plugin",
            "extra": {
                "light-ignore-plugin": {
                    "mustache/mustache": [
                        "test"
                    ],
                    "pimple/pimple": [
                        "ext",
                        "src/Pimple/Tests"
                    ],
                    "symfony/stopwatch": [
                        "Tests"
                    ]
                }
            },
            "autoload": {
                "psr-4": {
                    "Rarst\\Laps\\": "src/"
                }
            },
            "notification-url": "https://packagist.org/downloads/",
            "license": [
                "MIT"
            ],
            "authors": [
                {
                    "name": "Andrey Savchenko",
                    "homepage": "http://www.Rarst.net/"
                }
            ],
            "description": "Light WordPress profiler.",
            "homepage": "https://github.com/Rarst/laps",
            "keywords": [
                "performance",
                "wordpress"
            ],
            "time": "2020-03-11T11:23:43+00:00"
        },
        {
            "name": "symfony/service-contracts",
            "version": "v2.1.2",
            "source": {
                "type": "git",
                "url": "https://github.com/symfony/service-contracts.git",
                "reference": "66a8f0957a3ca54e4f724e49028ab19d75a8918b"
            },
            "dist": {
                "type": "zip",
                "url": "https://api.github.com/repos/symfony/service-contracts/zipball/66a8f0957a3ca54e4f724e49028ab19d75a8918b",
                "reference": "66a8f0957a3ca54e4f724e49028ab19d75a8918b",
                "shasum": ""
            },
            "require": {
                "php": ">=7.2.5",
                "psr/container": "^1.0"
            },
            "suggest": {
                "symfony/service-implementation": ""
            },
            "type": "library",
            "extra": {
                "branch-alias": {
                    "dev-master": "2.1-dev"
                }
            },
            "autoload": {
                "psr-4": {
                    "Symfony\\Contracts\\Service\\": ""
                }
            },
            "notification-url": "https://packagist.org/downloads/",
            "license": [
                "MIT"
            ],
            "authors": [
                {
                    "name": "Nicolas Grekas",
                    "email": "p@tchwork.com"
                },
                {
                    "name": "Symfony Community",
                    "homepage": "https://symfony.com/contributors"
                }
            ],
            "description": "Generic abstractions related to writing services",
            "homepage": "https://symfony.com",
            "keywords": [
                "abstractions",
                "contracts",
                "decoupling",
                "interfaces",
                "interoperability",
                "standards"
            ],
            "funding": [
                {
                    "url": "https://symfony.com/sponsor",
                    "type": "custom"
                },
                {
                    "url": "https://github.com/fabpot",
                    "type": "github"
                },
                {
                    "url": "https://tidelift.com/funding/github/packagist/symfony/symfony",
                    "type": "tidelift"
                }
            ],
            "time": "2020-05-20T17:43:50+00:00"
        },
        {
            "name": "symfony/stopwatch",
            "version": "v4.4.8",
            "source": {
                "type": "git",
                "url": "https://github.com/symfony/stopwatch.git",
                "reference": "e0324d3560e4128270e3f08617480d9233d81cfc"
            },
            "dist": {
                "type": "zip",
                "url": "https://api.github.com/repos/symfony/stopwatch/zipball/e0324d3560e4128270e3f08617480d9233d81cfc",
                "reference": "e0324d3560e4128270e3f08617480d9233d81cfc",
                "shasum": ""
            },
            "require": {
                "php": "^7.1.3",
                "symfony/service-contracts": "^1.0|^2"
            },
            "type": "library",
            "extra": {
                "branch-alias": {
                    "dev-master": "4.4-dev"
                }
            },
            "autoload": {
                "psr-4": {
                    "Symfony\\Component\\Stopwatch\\": ""
                },
                "exclude-from-classmap": [
                    "/Tests/"
                ]
            },
            "notification-url": "https://packagist.org/downloads/",
            "license": [
                "MIT"
            ],
            "authors": [
                {
                    "name": "Fabien Potencier",
                    "email": "fabien@symfony.com"
                },
                {
                    "name": "Symfony Community",
                    "homepage": "https://symfony.com/contributors"
                }
            ],
            "description": "Symfony Stopwatch Component",
            "homepage": "https://symfony.com",
            "funding": [
                {
                    "url": "https://symfony.com/sponsor",
                    "type": "custom"
                },
                {
                    "url": "https://github.com/fabpot",
                    "type": "github"
                },
                {
                    "url": "https://tidelift.com/funding/github/packagist/symfony/symfony",
                    "type": "tidelift"
                }
            ],
            "time": "2020-03-27T16:54:36+00:00"
        },
        {
            "name": "wpackagist-plugin/debug",
            "version": "1.9",
            "source": {
                "type": "svn",
                "url": "https://plugins.svn.wordpress.org/debug/",
                "reference": "tags/1.9"
            },
            "dist": {
                "type": "zip",
                "url": "https://downloads.wordpress.org/plugin/debug.1.9.zip"
            },
            "require": {
                "composer/installers": "~1.0"
            },
            "type": "wordpress-plugin",
            "homepage": "https://wordpress.org/plugins/debug/"
        },
        {
            "name": "wpackagist-plugin/debug-bar",
            "version": "1.0.1",
            "source": {
                "type": "svn",
                "url": "https://plugins.svn.wordpress.org/debug-bar/",
                "reference": "tags/1.0.1"
            },
            "dist": {
                "type": "zip",
                "url": "https://downloads.wordpress.org/plugin/debug-bar.1.0.1.zip"
            },
            "require": {
                "composer/installers": "~1.0"
            },
            "type": "wordpress-plugin",
            "homepage": "https://wordpress.org/plugins/debug-bar/"
        },
        {
            "name": "wpackagist-plugin/debug-bar-actions-and-filters-addon",
            "version": "1.5.4",
            "source": {
                "type": "svn",
                "url": "https://plugins.svn.wordpress.org/debug-bar-actions-and-filters-addon/",
                "reference": "tags/1.5.4"
            },
            "dist": {
                "type": "zip",
                "url": "https://downloads.wordpress.org/plugin/debug-bar-actions-and-filters-addon.1.5.4.zip"
            },
            "require": {
                "composer/installers": "~1.0"
            },
            "type": "wordpress-plugin",
            "homepage": "https://wordpress.org/plugins/debug-bar-actions-and-filters-addon/"
        },
        {
            "name": "wpackagist-plugin/debug-bar-cache-lookup",
            "version": "0.1.1",
            "source": {
                "type": "svn",
                "url": "https://plugins.svn.wordpress.org/debug-bar-cache-lookup/",
                "reference": "tags/0.1.1"
            },
            "dist": {
                "type": "zip",
                "url": "https://downloads.wordpress.org/plugin/debug-bar-cache-lookup.0.1.1.zip"
            },
            "require": {
                "composer/installers": "~1.0"
            },
            "type": "wordpress-plugin",
            "homepage": "https://wordpress.org/plugins/debug-bar-cache-lookup/"
        },
        {
            "name": "wpackagist-plugin/debug-bar-cron",
            "version": "0.1.3",
            "source": {
                "type": "svn",
                "url": "https://plugins.svn.wordpress.org/debug-bar-cron/",
                "reference": "tags/0.1.3"
            },
            "dist": {
                "type": "zip",
                "url": "https://downloads.wordpress.org/plugin/debug-bar-cron.0.1.3.zip"
            },
            "require": {
                "composer/installers": "~1.0"
            },
            "type": "wordpress-plugin",
            "homepage": "https://wordpress.org/plugins/debug-bar-cron/"
        },
        {
            "name": "wpackagist-plugin/debug-bar-extender",
            "version": "0.5",
            "source": {
                "type": "svn",
                "url": "https://plugins.svn.wordpress.org/debug-bar-extender/",
                "reference": "trunk"
            },
            "dist": {
                "type": "zip",
                "url": "https://downloads.wordpress.org/plugin/debug-bar-extender.zip?timestamp=1314968773"
            },
            "require": {
                "composer/installers": "~1.0"
            },
            "type": "wordpress-plugin",
            "homepage": "https://wordpress.org/plugins/debug-bar-extender/"
        },
        {
            "name": "wpackagist-plugin/debug-bar-list-dependencies",
            "version": "1.1.2",
            "source": {
                "type": "svn",
                "url": "https://plugins.svn.wordpress.org/debug-bar-list-dependencies/",
                "reference": "tags/1.1.2"
            },
            "dist": {
                "type": "zip",
                "url": "https://downloads.wordpress.org/plugin/debug-bar-list-dependencies.1.1.2.zip"
            },
            "require": {
                "composer/installers": "~1.0"
            },
            "type": "wordpress-plugin",
            "homepage": "https://wordpress.org/plugins/debug-bar-list-dependencies/"
        },
        {
            "name": "wpackagist-plugin/debug-bar-shortcodes",
            "version": "2.0.3",
            "source": {
                "type": "svn",
                "url": "https://plugins.svn.wordpress.org/debug-bar-shortcodes/",
                "reference": "tags/2.0.3"
            },
            "dist": {
                "type": "zip",
                "url": "https://downloads.wordpress.org/plugin/debug-bar-shortcodes.2.0.3.zip"
            },
            "require": {
                "composer/installers": "~1.0"
            },
            "type": "wordpress-plugin",
            "homepage": "https://wordpress.org/plugins/debug-bar-shortcodes/"
        },
        {
            "name": "wpackagist-plugin/debug-bar-slow-actions",
            "version": "0.8.4",
            "source": {
                "type": "svn",
                "url": "https://plugins.svn.wordpress.org/debug-bar-slow-actions/",
                "reference": "tags/0.8.4"
            },
            "dist": {
                "type": "zip",
                "url": "https://downloads.wordpress.org/plugin/debug-bar-slow-actions.0.8.4.zip"
            },
            "require": {
                "composer/installers": "~1.0"
            },
            "type": "wordpress-plugin",
            "homepage": "https://wordpress.org/plugins/debug-bar-slow-actions/"
        },
        {
            "name": "wpackagist-plugin/rewrite-rules-inspector",
            "version": "1.2.1",
            "source": {
                "type": "svn",
                "url": "https://plugins.svn.wordpress.org/rewrite-rules-inspector/",
                "reference": "tags/1.2.1"
            },
            "dist": {
                "type": "zip",
                "url": "https://downloads.wordpress.org/plugin/rewrite-rules-inspector.1.2.1.zip"
            },
            "require": {
                "composer/installers": "~1.0"
            },
            "type": "wordpress-plugin",
            "homepage": "https://wordpress.org/plugins/rewrite-rules-inspector/"
        },
        {
            "name": "wpackagist-plugin/wp-email-debug",
            "version": "1.1.0",
            "source": {
                "type": "svn",
                "url": "https://plugins.svn.wordpress.org/wp-email-debug/",
                "reference": "trunk"
            },
            "dist": {
                "type": "zip",
                "url": "https://downloads.wordpress.org/plugin/wp-email-debug.zip?timestamp=1443668990"
            },
            "require": {
                "composer/installers": "~1.0"
            },
            "type": "wordpress-plugin",
            "homepage": "https://wordpress.org/plugins/wp-email-debug/"
        }
    ],
    "aliases": [],
    "minimum-stability": "stable",
    "stability-flags": {
        "beapi/wp-mu-loader": 0,
        "bea/autoload": 0,
        "bea/sanitize-filename": 0,
        "bea/disable-xmlrpc": 0,
        "composer/installers": 0,
        "roots/wordpress": 0,
        "roots/wp-password-bcrypt": 0,
        "beapi/composer-scaffold-theme": 20,
        "wpackagist-plugin/debug": 0,
        "wpackagist-plugin/debug-bar": 0,
        "wpackagist-plugin/debug-bar-extender": 0,
        "wpackagist-plugin/debug-bar-actions-and-filters-addon": 0,
        "wpackagist-plugin/debug-bar-cache-lookup": 0,
        "wpackagist-plugin/debug-bar-cron": 0,
        "wpackagist-plugin/debug-bar-list-dependencies": 0,
        "wpackagist-plugin/debug-bar-shortcodes": 0,
        "wpackagist-plugin/debug-bar-slow-actions": 0,
        "wpackagist-plugin/rewrite-rules-inspector": 0,
        "wpackagist-plugin/wp-email-debug": 0,
        "rarst/laps": 0
    },
    "prefer-stable": false,
    "prefer-lowest": false,
    "platform": [],
    "platform-dev": [],
    "plugin-api-version": "1.1.0"
}
